
Microsoft Visual Studio Solution File, Format Version 12.00
# Visual Studio Version 17
VisualStudioVersion = 17.7.34031.279
MinimumVisualStudioVersion = 10.0.40219.1
Project("{FAE04EC0-301F-11D3-BF4B-00C04F79EFBC}") = "ShopAPI", "ShopAPI\ShopAPI.csproj", "{FF5460A5-A884-413A-9D02-0C79D0A61C77}"
EndProject
Global
	GlobalSection(SolutionConfigurationPlatforms) = preSolution
		Debug|Any CPU = Debug|Any CPU
		Release|Any CPU = Release|Any CPU
	EndGlobalSection
	GlobalSection(ProjectConfigurationPlatforms) = postSolution
		{FF5460A5-A884-413A-9D02-0C79D0A61C77}.Debug|Any CPU.ActiveCfg = Debug|Any CPU
		{FF5460A5-A884-413A-9D02-0C79D0A61C77}.Debug|Any CPU.Build.0 = Debug|Any CPU
		{FF5460A5-A884-413A-9D02-0C79D0A61C77}.Release|Any CPU.ActiveCfg = Release|Any CPU
		{FF5460A5-A884-413A-9D02-0C79D0A61C77}.Release|Any CPU.Build.0 = Release|Any CPU
	EndGlobalSection
	GlobalSection(SolutionProperties) = preSolution
		HideSolutionNode = FALSE
	EndGlobalSection
	GlobalSection(ExtensibilityGlobals) = postSolution
		SolutionGuid = {336018D0-B561-48EC-A312-EF8EA41668C7}
	EndGlobalSection
EndGlobal
